
Microsoft Visual Studio Solution File, Format Version 12.00
# Visual Studio Version 17
VisualStudioVersion = 17.8.34408.163
MinimumVisualStudioVersion = 10.0.40219.1
Project("{9A19103F-16F7-4668-BE54-9A1E7A4F7556}") = "LagDaemon.YAMUD.ClientConsole", "LagDaemon.YAMUD.ClientConsole\LagDaemon.YAMUD.ClientConsole.csproj", "{4492E2E0-C82F-4535-A617-FE71F85C9F30}"
EndProject
Project("{9A19103F-16F7-4668-BE54-9A1E7A4F7556}") = "LagDaemon.YAMUD.ServerConsole", "LagDaemon.YAMUD.ServerConsole\LagDaemon.YAMUD.ServerConsole.csproj", "{113E2E56-47CB-4420-AD3B-2330C25C3053}"
EndProject
Project("{9A19103F-16F7-4668-BE54-9A1E7A4F7556}") = "LagDaemon.YAMUD.Model", "LagDaemon.YAMUD.Model\LagDaemon.YAMUD.Model.csproj", "{D73B14B2-23E0-4ADD-BD1C-1E43297E3D3F}"
EndProject
Project("{9A19103F-16F7-4668-BE54-9A1E7A4F7556}") = "LagDaemon.YAMUD.API", "LagDaemon.YAMUD.API\LagDaemon.YAMUD.API.csproj", "{8A93D35A-31A5-4790-8525-AC299ED74D4C}"
EndProject
Project("{9A19103F-16F7-4668-BE54-9A1E7A4F7556}") = "LagDaemon.YAMUD.WebAPI", "LagDaemon.YAMUD.WebAPI\LagDaemon.YAMUD.WebAPI.csproj", "{6FB8A44D-DA93-4326-B35A-2ED824D533BF}"
EndProject
Project("{9A19103F-16F7-4668-BE54-9A1E7A4F7556}") = "LagDaemon.YAMUD.WebClient", "LagDaemon.YAMUD.WebClient\LagDaemon.YAMUD.WebClient.csproj", "{26731526-D7B3-499A-87CC-984522B9C36F}"
EndProject
Project("{9A19103F-16F7-4668-BE54-9A1E7A4F7556}") = "LagDaemon.YAMUD.WebAPI.Tests", "LagDaemon.YAMUD.WebAPI.Tests\LagDaemon.YAMUD.WebAPI.Tests.csproj", "{49D370AE-A688-4C26-8584-9FACAE0C4066}"
EndProject
Project("{E53339B2-1760-4266-BCC7-CA923CBCF16C}") = "docker-compose", "docker-compose.dcproj", "{D21B3622-E2A8-4565-9256-8A1073A8E9AC}"
EndProject
Project("{9A19103F-16F7-4668-BE54-9A1E7A4F7556}") = "LagDaemon.YAMUD.GameRulesEngine", "LagDaemon.YAMUD.GameRulesEngine\LagDaemon.YAMUD.GameRulesEngine.csproj", "{1E841C49-1164-41C7-BE52-7C24D0015A8F}"
EndProject
Project("{9A19103F-16F7-4668-BE54-9A1E7A4F7556}") = "LagDaemon.YAMUD.Tools", "LagDaemon.YAMUD.Tools\LagDaemon.YAMUD.Tools.csproj", "{DF138AC6-6744-421B-BE4D-D14ACD1D53DD}"
EndProject
Project("{9A19103F-16F7-4668-BE54-9A1E7A4F7556}") = "LagDaemon.YAMUD.GameRulesEngine.Tests", "LagDaemon.YAMUD.GameRulesEngine.Tests\LagDaemon.YAMUD.GameRulesEngine.Tests.csproj", "{20C1D742-5D35-4DBC-B881-BAB46CB335B5}"
EndProject
Project("{9A19103F-16F7-4668-BE54-9A1E7A4F7556}") = "LagDaemon.YAMUD.Scripting", "LagDaemon.YAMUD.Scripting\LagDaemon.YAMUD.Scripting.csproj", "{52986B96-7F4A-46F4-B6A2-19B43690340C}"
EndProject
Project("{9A19103F-16F7-4668-BE54-9A1E7A4F7556}") = "LagDaemon.YAMUD.Scripting.Tests", "LagDaemon.YAMUD.Scripting.Tests\LagDaemon.YAMUD.Scripting.Tests.csproj", "{FB2DA157-8BFF-495B-8C09-F5C714059F98}"
EndProject
Project("{9A19103F-16F7-4668-BE54-9A1E7A4F7556}") = "LagDaemon.YAMUD.TestConsole", "LagDaemon.YAMUD.TestConsole\LagDaemon.YAMUD.TestConsole.csproj", "{8CAA5BE5-06E5-44AE-84A7-F1B85842E37D}"
EndProject
Project("{9A19103F-16F7-4668-BE54-9A1E7A4F7556}") = "LagDaemon.YAMUD.Automation", "LagDaemon.YAMUD.Automation\LagDaemon.YAMUD.Automation.csproj", "{CACD4C9F-47F5-4070-BE06-5BA4F783E82F}"
EndProject
Project("{9A19103F-16F7-4668-BE54-9A1E7A4F7556}") = "LagDaemon.YAMUD.ChatterBot", "LagDaemon.YAMUD.ChatterBot\LagDaemon.YAMUD.ChatterBot.csproj", "{43315624-0608-49F3-8D72-28CAB38C5758}"
EndProject
Project("{2150E333-8FDC-42A3-9474-1A3956D46DE8}") = "Plugins", "Plugins", "{4F8D3C54-7D05-4AAB-8816-39284224A080}"
EndProject
Project("{2150E333-8FDC-42A3-9474-1A3956D46DE8}") = "UnitTests", "UnitTests", "{517B9A77-A7E0-475A-8303-7E24FD0A43F0}"
EndProject
Project("{2150E333-8FDC-42A3-9474-1A3956D46DE8}") = "Clients", "Clients", "{B2287062-1389-462A-9E03-B47F1D72356D}"
EndProject
Project("{2150E333-8FDC-42A3-9474-1A3956D46DE8}") = "Server", "Server", "{2AAA96A8-1E42-4CB0-8177-ECD5F4D37A70}"
EndProject
Project("{2150E333-8FDC-42A3-9474-1A3956D46DE8}") = "MachineLeanring", "MachineLeanring", "{66EC8690-8BEF-4897-9100-5C992890146E}"
EndProject
Project("{9A19103F-16F7-4668-BE54-9A1E7A4F7556}") = "LagDaemon.YAMUD.MachineLearning", "LagDaemon.YAMUD.MachineLeanring\LagDaemon.YAMUD.MachineLearning.csproj", "{44245A12-F256-4E42-9B3B-992AC59793E3}"
EndProject
Project("{9A19103F-16F7-4668-BE54-9A1E7A4F7556}") = "LagDaemon.YAMUD.MachineLearning.Console", "LagDaemon.YAMUD.MachineLearning.Console\LagDaemon.YAMUD.MachineLearning.Console.csproj", "{3C6E3FB6-56DB-4B37-89AE-D97E4AC7CA65}"
EndProject
Project("{9A19103F-16F7-4668-BE54-9A1E7A4F7556}") = "LagDaemon.YAMUD.Desltop", "LagDaemon.YAMUD.Desltop\LagDaemon.YAMUD.Desltop.csproj", "{F3C43F32-2F6B-4054-949A-50741BBDB958}"
EndProject
Project("{9A19103F-16F7-4668-BE54-9A1E7A4F7556}") = "LagDaemon.YAMUD.PublicWeb", "LagDaemon.YAMUD.PublicWeb\LagDaemon.YAMUD.PublicWeb.csproj", "{A69D4869-2E52-45F2-A902-01E37E629824}"
EndProject
Global
	GlobalSection(SolutionConfigurationPlatforms) = preSolution
		Debug|Any CPU = Debug|Any CPU
		Release|Any CPU = Release|Any CPU
	EndGlobalSection
	GlobalSection(ProjectConfigurationPlatforms) = postSolution
		{4492E2E0-C82F-4535-A617-FE71F85C9F30}.Debug|Any CPU.ActiveCfg = Debug|Any CPU
		{4492E2E0-C82F-4535-A617-FE71F85C9F30}.Debug|Any CPU.Build.0 = Debug|Any CPU
		{4492E2E0-C82F-4535-A617-FE71F85C9F30}.Release|Any CPU.ActiveCfg = Release|Any CPU
		{4492E2E0-C82F-4535-A617-FE71F85C9F30}.Release|Any CPU.Build.0 = Release|Any CPU
		{113E2E56-47CB-4420-AD3B-2330C25C3053}.Debug|Any CPU.ActiveCfg = Debug|Any CPU
		{113E2E56-47CB-4420-AD3B-2330C25C3053}.Debug|Any CPU.Build.0 = Debug|Any CPU
		{113E2E56-47CB-4420-AD3B-2330C25C3053}.Release|Any CPU.ActiveCfg = Release|Any CPU
		{113E2E56-47CB-4420-AD3B-2330C25C3053}.Release|Any CPU.Build.0 = Release|Any CPU
		{D73B14B2-23E0-4ADD-BD1C-1E43297E3D3F}.Debug|Any CPU.ActiveCfg = Debug|Any CPU
		{D73B14B2-23E0-4ADD-BD1C-1E43297E3D3F}.Debug|Any CPU.Build.0 = Debug|Any CPU
		{D73B14B2-23E0-4ADD-BD1C-1E43297E3D3F}.Release|Any CPU.ActiveCfg = Release|Any CPU
		{D73B14B2-23E0-4ADD-BD1C-1E43297E3D3F}.Release|Any CPU.Build.0 = Release|Any CPU
		{8A93D35A-31A5-4790-8525-AC299ED74D4C}.Debug|Any CPU.ActiveCfg = Debug|Any CPU
		{8A93D35A-31A5-4790-8525-AC299ED74D4C}.Debug|Any CPU.Build.0 = Debug|Any CPU
		{8A93D35A-31A5-4790-8525-AC299ED74D4C}.Release|Any CPU.ActiveCfg = Release|Any CPU
		{8A93D35A-31A5-4790-8525-AC299ED74D4C}.Release|Any CPU.Build.0 = Release|Any CPU
		{6FB8A44D-DA93-4326-B35A-2ED824D533BF}.Debug|Any CPU.ActiveCfg = Debug|Any CPU
		{6FB8A44D-DA93-4326-B35A-2ED824D533BF}.Debug|Any CPU.Build.0 = Debug|Any CPU
		{6FB8A44D-DA93-4326-B35A-2ED824D533BF}.Release|Any CPU.ActiveCfg = Release|Any CPU
		{6FB8A44D-DA93-4326-B35A-2ED824D533BF}.Release|Any CPU.Build.0 = Release|Any CPU
		{26731526-D7B3-499A-87CC-984522B9C36F}.Debug|Any CPU.ActiveCfg = Debug|Any CPU
		{26731526-D7B3-499A-87CC-984522B9C36F}.Debug|Any CPU.Build.0 = Debug|Any CPU
		{26731526-D7B3-499A-87CC-984522B9C36F}.Release|Any CPU.ActiveCfg = Release|Any CPU
		{26731526-D7B3-499A-87CC-984522B9C36F}.Release|Any CPU.Build.0 = Release|Any CPU
		{49D370AE-A688-4C26-8584-9FACAE0C4066}.Debug|Any CPU.ActiveCfg = Debug|Any CPU
		{49D370AE-A688-4C26-8584-9FACAE0C4066}.Debug|Any CPU.Build.0 = Debug|Any CPU
		{49D370AE-A688-4C26-8584-9FACAE0C4066}.Release|Any CPU.ActiveCfg = Release|Any CPU
		{49D370AE-A688-4C26-8584-9FACAE0C4066}.Release|Any CPU.Build.0 = Release|Any CPU
		{D21B3622-E2A8-4565-9256-8A1073A8E9AC}.Debug|Any CPU.ActiveCfg = Debug|Any CPU
		{D21B3622-E2A8-4565-9256-8A1073A8E9AC}.Debug|Any CPU.Build.0 = Debug|Any CPU
		{D21B3622-E2A8-4565-9256-8A1073A8E9AC}.Release|Any CPU.ActiveCfg = Release|Any CPU
		{D21B3622-E2A8-4565-9256-8A1073A8E9AC}.Release|Any CPU.Build.0 = Release|Any CPU
		{1E841C49-1164-41C7-BE52-7C24D0015A8F}.Debug|Any CPU.ActiveCfg = Debug|Any CPU
		{1E841C49-1164-41C7-BE52-7C24D0015A8F}.Debug|Any CPU.Build.0 = Debug|Any CPU
		{1E841C49-1164-41C7-BE52-7C24D0015A8F}.Release|Any CPU.ActiveCfg = Release|Any CPU
		{1E841C49-1164-41C7-BE52-7C24D0015A8F}.Release|Any CPU.Build.0 = Release|Any CPU
		{DF138AC6-6744-421B-BE4D-D14ACD1D53DD}.Debug|Any CPU.ActiveCfg = Debug|Any CPU
		{DF138AC6-6744-421B-BE4D-D14ACD1D53DD}.Debug|Any CPU.Build.0 = Debug|Any CPU
		{DF138AC6-6744-421B-BE4D-D14ACD1D53DD}.Release|Any CPU.ActiveCfg = Release|Any CPU
		{DF138AC6-6744-421B-BE4D-D14ACD1D53DD}.Release|Any CPU.Build.0 = Release|Any CPU
		{20C1D742-5D35-4DBC-B881-BAB46CB335B5}.Debug|Any CPU.ActiveCfg = Debug|Any CPU
		{20C1D742-5D35-4DBC-B881-BAB46CB335B5}.Debug|Any CPU.Build.0 = Debug|Any CPU
		{20C1D742-5D35-4DBC-B881-BAB46CB335B5}.Release|Any CPU.ActiveCfg = Release|Any CPU
		{20C1D742-5D35-4DBC-B881-BAB46CB335B5}.Release|Any CPU.Build.0 = Release|Any CPU
		{52986B96-7F4A-46F4-B6A2-19B43690340C}.Debug|Any CPU.ActiveCfg = Debug|Any CPU
		{52986B96-7F4A-46F4-B6A2-19B43690340C}.Debug|Any CPU.Build.0 = Debug|Any CPU
		{52986B96-7F4A-46F4-B6A2-19B43690340C}.Release|Any CPU.ActiveCfg = Release|Any CPU
		{52986B96-7F4A-46F4-B6A2-19B43690340C}.Release|Any CPU.Build.0 = Release|Any CPU
		{FB2DA157-8BFF-495B-8C09-F5C714059F98}.Debug|Any CPU.ActiveCfg = Debug|Any CPU
		{FB2DA157-8BFF-495B-8C09-F5C714059F98}.Debug|Any CPU.Build.0 = Debug|Any CPU
		{FB2DA157-8BFF-495B-8C09-F5C714059F98}.Release|Any CPU.ActiveCfg = Release|Any CPU
		{FB2DA157-8BFF-495B-8C09-F5C714059F98}.Release|Any CPU.Build.0 = Release|Any CPU
		{8CAA5BE5-06E5-44AE-84A7-F1B85842E37D}.Debug|Any CPU.ActiveCfg = Debug|Any CPU
		{8CAA5BE5-06E5-44AE-84A7-F1B85842E37D}.Debug|Any CPU.Build.0 = Debug|Any CPU
		{8CAA5BE5-06E5-44AE-84A7-F1B85842E37D}.Release|Any CPU.ActiveCfg = Release|Any CPU
		{8CAA5BE5-06E5-44AE-84A7-F1B85842E37D}.Release|Any CPU.Build.0 = Release|Any CPU
		{CACD4C9F-47F5-4070-BE06-5BA4F783E82F}.Debug|Any CPU.ActiveCfg = Debug|Any CPU
		{CACD4C9F-47F5-4070-BE06-5BA4F783E82F}.Debug|Any CPU.Build.0 = Debug|Any CPU
		{CACD4C9F-47F5-4070-BE06-5BA4F783E82F}.Release|Any CPU.ActiveCfg = Release|Any CPU
		{CACD4C9F-47F5-4070-BE06-5BA4F783E82F}.Release|Any CPU.Build.0 = Release|Any CPU
		{43315624-0608-49F3-8D72-28CAB38C5758}.Debug|Any CPU.ActiveCfg = Debug|Any CPU
		{43315624-0608-49F3-8D72-28CAB38C5758}.Debug|Any CPU.Build.0 = Debug|Any CPU
		{43315624-0608-49F3-8D72-28CAB38C5758}.Release|Any CPU.ActiveCfg = Release|Any CPU
		{43315624-0608-49F3-8D72-28CAB38C5758}.Release|Any CPU.Build.0 = Release|Any CPU
		{44245A12-F256-4E42-9B3B-992AC59793E3}.Debug|Any CPU.ActiveCfg = Debug|Any CPU
		{44245A12-F256-4E42-9B3B-992AC59793E3}.Debug|Any CPU.Build.0 = Debug|Any CPU
		{44245A12-F256-4E42-9B3B-992AC59793E3}.Release|Any CPU.ActiveCfg = Release|Any CPU
		{44245A12-F256-4E42-9B3B-992AC59793E3}.Release|Any CPU.Build.0 = Release|Any CPU
		{3C6E3FB6-56DB-4B37-89AE-D97E4AC7CA65}.Debug|Any CPU.ActiveCfg = Debug|Any CPU
		{3C6E3FB6-56DB-4B37-89AE-D97E4AC7CA65}.Debug|Any CPU.Build.0 = Debug|Any CPU
		{3C6E3FB6-56DB-4B37-89AE-D97E4AC7CA65}.Release|Any CPU.ActiveCfg = Release|Any CPU
		{3C6E3FB6-56DB-4B37-89AE-D97E4AC7CA65}.Release|Any CPU.Build.0 = Release|Any CPU
		{F3C43F32-2F6B-4054-949A-50741BBDB958}.Debug|Any CPU.ActiveCfg = Debug|Any CPU
		{F3C43F32-2F6B-4054-949A-50741BBDB958}.Debug|Any CPU.Build.0 = Debug|Any CPU
		{F3C43F32-2F6B-4054-949A-50741BBDB958}.Release|Any CPU.ActiveCfg = Release|Any CPU
		{F3C43F32-2F6B-4054-949A-50741BBDB958}.Release|Any CPU.Build.0 = Release|Any CPU
		{A69D4869-2E52-45F2-A902-01E37E629824}.Debug|Any CPU.ActiveCfg = Debug|Any CPU
		{A69D4869-2E52-45F2-A902-01E37E629824}.Debug|Any CPU.Build.0 = Debug|Any CPU
		{A69D4869-2E52-45F2-A902-01E37E629824}.Release|Any CPU.ActiveCfg = Release|Any CPU
		{A69D4869-2E52-45F2-A902-01E37E629824}.Release|Any CPU.Build.0 = Release|Any CPU
	EndGlobalSection
	GlobalSection(SolutionProperties) = preSolution
		HideSolutionNode = FALSE
	EndGlobalSection
	GlobalSection(NestedProjects) = preSolution
		{4492E2E0-C82F-4535-A617-FE71F85C9F30} = {B2287062-1389-462A-9E03-B47F1D72356D}
		{113E2E56-47CB-4420-AD3B-2330C25C3053} = {B2287062-1389-462A-9E03-B47F1D72356D}
		{D73B14B2-23E0-4ADD-BD1C-1E43297E3D3F} = {2AAA96A8-1E42-4CB0-8177-ECD5F4D37A70}
		{8A93D35A-31A5-4790-8525-AC299ED74D4C} = {2AAA96A8-1E42-4CB0-8177-ECD5F4D37A70}
		{6FB8A44D-DA93-4326-B35A-2ED824D533BF} = {2AAA96A8-1E42-4CB0-8177-ECD5F4D37A70}
		{26731526-D7B3-499A-87CC-984522B9C36F} = {B2287062-1389-462A-9E03-B47F1D72356D}
		{49D370AE-A688-4C26-8584-9FACAE0C4066} = {517B9A77-A7E0-475A-8303-7E24FD0A43F0}
		{1E841C49-1164-41C7-BE52-7C24D0015A8F} = {2AAA96A8-1E42-4CB0-8177-ECD5F4D37A70}
		{DF138AC6-6744-421B-BE4D-D14ACD1D53DD} = {2AAA96A8-1E42-4CB0-8177-ECD5F4D37A70}
		{20C1D742-5D35-4DBC-B881-BAB46CB335B5} = {517B9A77-A7E0-475A-8303-7E24FD0A43F0}
		{52986B96-7F4A-46F4-B6A2-19B43690340C} = {2AAA96A8-1E42-4CB0-8177-ECD5F4D37A70}
		{FB2DA157-8BFF-495B-8C09-F5C714059F98} = {517B9A77-A7E0-475A-8303-7E24FD0A43F0}
		{8CAA5BE5-06E5-44AE-84A7-F1B85842E37D} = {B2287062-1389-462A-9E03-B47F1D72356D}
		{CACD4C9F-47F5-4070-BE06-5BA4F783E82F} = {2AAA96A8-1E42-4CB0-8177-ECD5F4D37A70}
		{43315624-0608-49F3-8D72-28CAB38C5758} = {4F8D3C54-7D05-4AAB-8816-39284224A080}
		{44245A12-F256-4E42-9B3B-992AC59793E3} = {66EC8690-8BEF-4897-9100-5C992890146E}
		{3C6E3FB6-56DB-4B37-89AE-D97E4AC7CA65} = {66EC8690-8BEF-4897-9100-5C992890146E}
		{F3C43F32-2F6B-4054-949A-50741BBDB958} = {B2287062-1389-462A-9E03-B47F1D72356D}
		{A69D4869-2E52-45F2-A902-01E37E629824} = {B2287062-1389-462A-9E03-B47F1D72356D}
	EndGlobalSection
	GlobalSection(ExtensibilityGlobals) = postSolution
		SolutionGuid = {2886B022-AA6A-4BB8-A01F-690948CDC7D4}
	EndGlobalSection
EndGlobal
